<Solution>
  <Folder Name="/Core/">
    <Project Path="Core/SPF.Application/SPF.Application.csproj" />
    <Project Path="Core/SPF.Domain/SPF.Domain.csproj" />
  </Folder>
  <Project Path="SPF.ConsoleProba/SPF.ConsoleProba.csproj" />
  <Project Path="SPF.Infrastructure/SPF.Infrastructure.csproj" />
</Solution>
